
Microsoft Visual Studio Solution File, Format Version 12.00
# Visual Studio Version 16
VisualStudioVersion = 16.0.30711.63
MinimumVisualStudioVersion = 10.0.40219.1
Project("{FAE04EC0-301F-11D3-BF4B-00C04F79EFBC}") = "SpecProj", "SpecProj\SpecProj.csproj", "{98941FF4-7B80-4BB4-B86B-41D955B90FC4}"
EndProject
Global
	GlobalSection(SolutionConfigurationPlatforms) = preSolution
		Debug|Any CPU = Debug|Any CPU
		Release|Any CPU = Release|Any CPU
	EndGlobalSection
	GlobalSection(ProjectConfigurationPlatforms) = postSolution
		{98941FF4-7B80-4BB4-B86B-41D955B90FC4}.Debug|Any CPU.ActiveCfg = Debug|Any CPU
		{98941FF4-7B80-4BB4-B86B-41D955B90FC4}.Debug|Any CPU.Build.0 = Debug|Any CPU
		{98941FF4-7B80-4BB4-B86B-41D955B90FC4}.Release|Any CPU.ActiveCfg = Release|Any CPU
		{98941FF4-7B80-4BB4-B86B-41D955B90FC4}.Release|Any CPU.Build.0 = Release|Any CPU
	EndGlobalSection
	GlobalSection(SolutionProperties) = preSolution
		HideSolutionNode = FALSE
	EndGlobalSection
	GlobalSection(ExtensibilityGlobals) = postSolution
		SolutionGuid = {151F175D-FB13-4FD7-A95F-D4EA8D93E7D1}
	EndGlobalSection
EndGlobal
